
Microsoft Visual Studio Solution File, Format Version 12.00
# Visual Studio Version 16
VisualStudioVersion = 16.0.30523.141
MinimumVisualStudioVersion = 10.0.40219.1
Project("{FAE04EC0-301F-11D3-BF4B-00C04F79EFBC}") = "TestClothesForHands", "TestClothesForHands\TestClothesForHands.csproj", "{76373CA8-CB5E-4EA9-A0DB-2FF0F25BE0AA}"
EndProject
Global
	GlobalSection(SolutionConfigurationPlatforms) = preSolution
		Debug|Any CPU = Debug|Any CPU
		Release|Any CPU = Release|Any CPU
	EndGlobalSection
	GlobalSection(ProjectConfigurationPlatforms) = postSolution
		{76373CA8-CB5E-4EA9-A0DB-2FF0F25BE0AA}.Debug|Any CPU.ActiveCfg = Debug|Any CPU
		{76373CA8-CB5E-4EA9-A0DB-2FF0F25BE0AA}.Debug|Any CPU.Build.0 = Debug|Any CPU
		{76373CA8-CB5E-4EA9-A0DB-2FF0F25BE0AA}.Release|Any CPU.ActiveCfg = Release|Any CPU
		{76373CA8-CB5E-4EA9-A0DB-2FF0F25BE0AA}.Release|Any CPU.Build.0 = Release|Any CPU
	EndGlobalSection
	GlobalSection(SolutionProperties) = preSolution
		HideSolutionNode = FALSE
	EndGlobalSection
	GlobalSection(ExtensibilityGlobals) = postSolution
		SolutionGuid = {1ED200C9-2658-4953-A99E-20DA282D3C83}
	EndGlobalSection
EndGlobal
